// !$*UTF8*$!
{
	archiveVersion = 1;
	classes = {
	};
	objectVersion = 46;
	objects = {

/* Begin PBXBuildFile section */
		FF55EA181B19B1DF0003CD65 /* AppDelegate.swift in Sources */ = {isa = PBXBuildFile; fileRef = FF55EA171B19B1DF0003CD65 /* AppDelegate.swift */; };
		FF55EA1A1B19B1DF0003CD65 /* LoginViewController.swift in Sources */ = {isa = PBXBuildFile; fileRef = FF55EA191B19B1DF0003CD65 /* LoginViewController.swift */; };
		FF55EA1D1B19B1DF0003CD65 /* Main.storyboard in Resources */ = {isa = PBXBuildFile; fileRef = FF55EA1B1B19B1DF0003CD65 /* Main.storyboard */; };
		FF55EA1F1B19B1DF0003CD65 /* Images.xcassets in Resources */ = {isa = PBXBuildFile; fileRef = FF55EA1E1B19B1DF0003CD65 /* Images.xcassets */; };
		FF55EA221B19B1DF0003CD65 /* LaunchScreen.xib in Resources */ = {isa = PBXBuildFile; fileRef = FF55EA201B19B1DF0003CD65 /* LaunchScreen.xib */; };
		FF55EA3C1B19B6540003CD65 /* LoginBusinessLogicController.swift in Sources */ = {isa = PBXBuildFile; fileRef = FF55EA3B1B19B6540003CD65 /* LoginBusinessLogicController.swift */; };
		FF55EA471B19C32B0003CD65 /* LoginBusinessLogicControllerTests.swift in Sources */ = {isa = PBXBuildFile; fileRef = FF55EA461B19C32B0003CD65 /* LoginBusinessLogicControllerTests.swift */; };
		FF55EA481B19C35E0003CD65 /* LoginBusinessLogicController.swift in Sources */ = {isa = PBXBuildFile; fileRef = FF55EA3B1B19B6540003CD65 /* LoginBusinessLogicController.swift */; };
		FF55EA501B19C5CF0003CD65 /* StubbedControllable.swift in Sources */ = {isa = PBXBuildFile; fileRef = FF55EA4F1B19C5CF0003CD65 /* StubbedControllable.swift */; };
		FF55EA521B19D1C70003CD65 /* BaseViewController.swift in Sources */ = {isa = PBXBuildFile; fileRef = FF55EA511B19D1C70003CD65 /* BaseViewController.swift */; };
/* End PBXBuildFile section */

/* Begin PBXContainerItemProxy section */
		FF55EA281B19B1DF0003CD65 /* PBXContainerItemProxy */ = {
			isa = PBXContainerItemProxy;
			containerPortal = FF55EA0A1B19B1DF0003CD65 /* Project object */;
			proxyType = 1;
			remoteGlobalIDString = FF55EA111B19B1DF0003CD65;
			remoteInfo = UnitTesting;
		};
/* End PBXContainerItemProxy section */

/* Begin PBXFileReference section */
		FF55EA121B19B1DF0003CD65 /* UnitTesting.app */ = {isa = PBXFileReference; explicitFileType = wrapper.application; includeInIndex = 0; path = UnitTesting.app; sourceTree = BUILT_PRODUCTS_DIR; };
		FF55EA161B19B1DF0003CD65 /* Info.plist */ = {isa = PBXFileReference; lastKnownFileType = text.plist.xml; path = Info.plist; sourceTree = "<group>"; };
		FF55EA171B19B1DF0003CD65 /* AppDelegate.swift */ = {isa = PBXFileReference; lastKnownFileType = sourcecode.swift; path = AppDelegate.swift; sourceTree = "<group>"; };
		FF55EA191B19B1DF0003CD65 /* LoginViewController.swift */ = {isa = PBXFileReference; lastKnownFileType = sourcecode.swift; path = LoginViewController.swift; sourceTree = "<group>"; };
		FF55EA1C1B19B1DF0003CD65 /* Base */ = {isa = PBXFileReference; lastKnownFileType = file.storyboard; name = Base; path = Base.lproj/Main.storyboard; sourceTree = "<group>"; };
		FF55EA1E1B19B1DF0003CD65 /* Images.xcassets */ = {isa = PBXFileReference; lastKnownFileType = folder.assetcatalog; path = Images.xcassets; sourceTree = "<group>"; };
		FF55EA211B19B1DF0003CD65 /* Base */ = {isa = PBXFileReference; lastKnownFileType = file.xib; name = Base; path = Base.lproj/LaunchScreen.xib; sourceTree = "<group>"; };
		FF55EA271B19B1DF0003CD65 /* UnitTestingTests.xctest */ = {isa = PBXFileReference; explicitFileType = wrapper.cfbundle; includeInIndex = 0; path = UnitTestingTests.xctest; sourceTree = BUILT_PRODUCTS_DIR; };
		FF55EA2C1B19B1DF0003CD65 /* Info.plist */ = {isa = PBXFileReference; lastKnownFileType = text.plist.xml; path = Info.plist; sourceTree = "<group>"; };
		FF55EA3B1B19B6540003CD65 /* LoginBusinessLogicController.swift */ = {isa = PBXFileReference; fileEncoding = 4; lastKnownFileType = sourcecode.swift; path = LoginBusinessLogicController.swift; sourceTree = "<group>"; };
		FF55EA431B19BE580003CD65 /* UnitTesting-Bridging-Header.h */ = {isa = PBXFileReference; lastKnownFileType = sourcecode.c.h; path = "UnitTesting-Bridging-Header.h"; sourceTree = "<group>"; };
		FF55EA441B19BE590003CD65 /* Controllable.h */ = {isa = PBXFileReference; fileEncoding = 4; lastKnownFileType = sourcecode.c.h; path = Controllable.h; sourceTree = "<group>"; };
		FF55EA451B19BEE60003CD65 /* Eventable.h */ = {isa = PBXFileReference; fileEncoding = 4; lastKnownFileType = sourcecode.c.h; path = Eventable.h; sourceTree = "<group>"; };
		FF55EA461B19C32B0003CD65 /* LoginBusinessLogicControllerTests.swift */ = {isa = PBXFileReference; fileEncoding = 4; lastKnownFileType = sourcecode.swift; path = LoginBusinessLogicControllerTests.swift; sourceTree = "<group>"; };
		FF55EA4A1B19C4B80003CD65 /* UnitTestingTests-Bridging-Header.h */ = {isa = PBXFileReference; lastKnownFileType = sourcecode.c.h; path = "UnitTestingTests-Bridging-Header.h"; sourceTree = "<group>"; };
		FF55EA4F1B19C5CF0003CD65 /* StubbedControllable.swift */ = {isa = PBXFileReference; fileEncoding = 4; lastKnownFileType = sourcecode.swift; path = StubbedControllable.swift; sourceTree = "<group>"; };
		FF55EA511B19D1C70003CD65 /* BaseViewController.swift */ = {isa = PBXFileReference; fileEncoding = 4; lastKnownFileType = sourcecode.swift; path = BaseViewController.swift; sourceTree = "<group>"; };
/* End PBXFileReference section */

/* Begin PBXFrameworksBuildPhase section */
		FF55EA0F1B19B1DF0003CD65 /* Frameworks */ = {
			isa = PBXFrameworksBuildPhase;
			buildActionMask = 2147483647;
			files = (
			);
			runOnlyForDeploymentPostprocessing = 0;
		};
		FF55EA241B19B1DF0003CD65 /* Frameworks */ = {
			isa = PBXFrameworksBuildPhase;
			buildActionMask = 2147483647;
			files = (
			);
			runOnlyForDeploymentPostprocessing = 0;
		};
/* End PBXFrameworksBuildPhase section */

/* Begin PBXGroup section */
		FF55EA091B19B1DF0003CD65 = {
			isa = PBXGroup;
			children = (
				FF55EA141B19B1DF0003CD65 /* UnitTesting */,
				FF55EA2A1B19B1DF0003CD65 /* UnitTestingTests */,
				FF55EA131B19B1DF0003CD65 /* Products */,
			);
			sourceTree = "<group>";
		};
		FF55EA131B19B1DF0003CD65 /* Products */ = {
			isa = PBXGroup;
			children = (
				FF55EA121B19B1DF0003CD65 /* UnitTesting.app */,
				FF55EA271B19B1DF0003CD65 /* UnitTestingTests.xctest */,
			);
			name = Products;
			sourceTree = "<group>";
		};
		FF55EA141B19B1DF0003CD65 /* UnitTesting */ = {
			isa = PBXGroup;
			children = (
				FF55EA171B19B1DF0003CD65 /* AppDelegate.swift */,
				FF55EA191B19B1DF0003CD65 /* LoginViewController.swift */,
				FF55EA3B1B19B6540003CD65 /* LoginBusinessLogicController.swift */,
				FF55EA1B1B19B1DF0003CD65 /* Main.storyboard */,
				FF55EA1E1B19B1DF0003CD65 /* Images.xcassets */,
				FF55EA201B19B1DF0003CD65 /* LaunchScreen.xib */,
				FF55EA151B19B1DF0003CD65 /* Supporting Files */,
				FF55EA431B19BE580003CD65 /* UnitTesting-Bridging-Header.h */,
				FF55EA511B19D1C70003CD65 /* BaseViewController.swift */,
				FF55EA441B19BE590003CD65 /* Controllable.h */,
				FF55EA451B19BEE60003CD65 /* Eventable.h */,
			);
			path = UnitTesting;
			sourceTree = "<group>";
		};
		FF55EA151B19B1DF0003CD65 /* Supporting Files */ = {
			isa = PBXGroup;
			children = (
				FF55EA161B19B1DF0003CD65 /* Info.plist */,
			);
			name = "Supporting Files";
			sourceTree = "<group>";
		};
		FF55EA2A1B19B1DF0003CD65 /* UnitTestingTests */ = {
			isa = PBXGroup;
			children = (
				FF55EA4E1B19C5CF0003CD65 /* Stubs */,
				FF55EA4A1B19C4B80003CD65 /* UnitTestingTests-Bridging-Header.h */,
				FF55EA461B19C32B0003CD65 /* LoginBusinessLogicControllerTests.swift */,
				FF55EA2B1B19B1DF0003CD65 /* Supporting Files */,
			);
			path = UnitTestingTests;
			sourceTree = "<group>";
		};
		FF55EA2B1B19B1DF0003CD65 /* Supporting Files */ = {
			isa = PBXGroup;
			children = (
				FF55EA2C1B19B1DF0003CD65 /* Info.plist */,
			);
			name = "Supporting Files";
			sourceTree = "<group>";
		};
		FF55EA4E1B19C5CF0003CD65 /* Stubs */ = {
			isa = PBXGroup;
			children = (
				FF55EA4F1B19C5CF0003CD65 /* StubbedControllable.swift */,
			);
			path = Stubs;
			sourceTree = "<group>";
		};
/* End PBXGroup section */

/* Begin PBXNativeTarget section */
		FF55EA111B19B1DF0003CD65 /* UnitTesting */ = {
			isa = PBXNativeTarget;
			buildConfigurationList = FF55EA311B19B1DF0003CD65 /* Build configuration list for PBXNativeTarget "UnitTesting" */;
			buildPhases = (
				FF55EA0E1B19B1DF0003CD65 /* Sources */,
				FF55EA0F1B19B1DF0003CD65 /* Frameworks */,
				FF55EA101B19B1DF0003CD65 /* Resources */,
			);
			buildRules = (
			);
			dependencies = (
			);
			name = UnitTesting;
			productName = UnitTesting;
			productReference = FF55EA121B19B1DF0003CD65 /* UnitTesting.app */;
			productType = "com.apple.product-type.application";
		};
		FF55EA261B19B1DF0003CD65 /* UnitTestingTests */ = {
			isa = PBXNativeTarget;
			buildConfigurationList = FF55EA341B19B1DF0003CD65 /* Build configuration list for PBXNativeTarget "UnitTestingTests" */;
			buildPhases = (
				FF55EA231B19B1DF0003CD65 /* Sources */,
				FF55EA241B19B1DF0003CD65 /* Frameworks */,
				FF55EA251B19B1DF0003CD65 /* Resources */,
			);
			buildRules = (
			);
			dependencies = (
				FF55EA291B19B1DF0003CD65 /* PBXTargetDependency */,
			);
			name = UnitTestingTests;
			productName = UnitTestingTests;
			productReference = FF55EA271B19B1DF0003CD65 /* UnitTestingTests.xctest */;
			productType = "com.apple.product-type.bundle.unit-test";
		};
/* End PBXNativeTarget section */

/* Begin PBXProject section */
		FF55EA0A1B19B1DF0003CD65 /* Project object */ = {
			isa = PBXProject;
			attributes = {
				LastUpgradeCheck = 0630;
				ORGANIZATIONNAME = "Tapan Thaker";
				TargetAttributes = {
					FF55EA111B19B1DF0003CD65 = {
						CreatedOnToolsVersion = 6.3.1;
					};
					FF55EA261B19B1DF0003CD65 = {
						CreatedOnToolsVersion = 6.3.1;
						TestTargetID = FF55EA111B19B1DF0003CD65;
					};
				};
			};
			buildConfigurationList = FF55EA0D1B19B1DF0003CD65 /* Build configuration list for PBXProject "UnitTesting" */;
			compatibilityVersion = "Xcode 3.2";
			developmentRegion = English;
			hasScannedForEncodings = 0;
			knownRegions = (
				en,
				Base,
			);
			mainGroup = FF55EA091B19B1DF0003CD65;
			productRefGroup = FF55EA131B19B1DF0003CD65 /* Products */;
			projectDirPath = "";
			projectRoot = "";
			targets = (
				FF55EA111B19B1DF0003CD65 /* UnitTesting */,
				FF55EA261B19B1DF0003CD65 /* UnitTestingTests */,
			);
		};
/* End PBXProject section */

/* Begin PBXResourcesBuildPhase section */
		FF55EA101B19B1DF0003CD65 /* Resources */ = {
			isa = PBXResourcesBuildPhase;
			buildActionMask = 2147483647;
			files = (
				FF55EA1D1B19B1DF0003CD65 /* Main.storyboard in Resources */,
				FF55EA221B19B1DF0003CD65 /* LaunchScreen.xib in Resources */,
				FF55EA1F1B19B1DF0003CD65 /* Images.xcassets in Resources */,
			);
			runOnlyForDeploymentPostprocessing = 0;
		};
		FF55EA251B19B1DF0003CD65 /* Resources */ = {
			isa = PBXResourcesBuildPhase;
			buildActionMask = 2147483647;
			files = (
			);
			runOnlyForDeploymentPostprocessing = 0;
		};
/* End PBXResourcesBuildPhase section */

/* Begin PBXSourcesBuildPhase section */
		FF55EA0E1B19B1DF0003CD65 /* Sources */ = {
			isa = PBXSourcesBuildPhase;
			buildActionMask = 2147483647;
			files = (
				FF55EA3C1B19B6540003CD65 /* LoginBusinessLogicController.swift in Sources */,
				FF55EA521B19D1C70003CD65 /* BaseViewController.swift in Sources */,
				FF55EA1A1B19B1DF0003CD65 /* LoginViewController.swift in Sources */,
				FF55EA181B19B1DF0003CD65 /* AppDelegate.swift in Sources */,
			);
			runOnlyForDeploymentPostprocessing = 0;
		};
		FF55EA231B19B1DF0003CD65 /* Sources */ = {
			isa = PBXSourcesBuildPhase;
			buildActionMask = 2147483647;
			files = (
				FF55EA471B19C32B0003CD65 /* LoginBusinessLogicControllerTests.swift in Sources */,
				FF55EA481B19C35E0003CD65 /* LoginBusinessLogicController.swift in Sources */,
				FF55EA501B19C5CF0003CD65 /* StubbedControllable.swift in Sources */,
			);
			runOnlyForDeploymentPostprocessing = 0;
		};
/* End PBXSourcesBuildPhase section */

/* Begin PBXTargetDependency section */
		FF55EA291B19B1DF0003CD65 /* PBXTargetDependency */ = {
			isa = PBXTargetDependency;
			target = FF55EA111B19B1DF0003CD65 /* UnitTesting */;
			targetProxy = FF55EA281B19B1DF0003CD65 /* PBXContainerItemProxy */;
		};
/* End PBXTargetDependency section */

/* Begin PBXVariantGroup section */
		FF55EA1B1B19B1DF0003CD65 /* Main.storyboard */ = {
			isa = PBXVariantGroup;
			children = (
				FF55EA1C1B19B1DF0003CD65 /* Base */,
			);
			name = Main.storyboard;
			sourceTree = "<group>";
		};
		FF55EA201B19B1DF0003CD65 /* LaunchScreen.xib */ = {
			isa = PBXVariantGroup;
			children = (
				FF55EA211B19B1DF0003CD65 /* Base */,
			);
			name = LaunchScreen.xib;
			sourceTree = "<group>";
		};
/* End PBXVariantGroup section */

/* Begin XCBuildConfiguration section */
		FF55EA2F1B19B1DF0003CD65 /* Debug */ = {
			isa = XCBuildConfiguration;
			buildSettings = {
				ALWAYS_SEARCH_USER_PATHS = NO;
				CLANG_CXX_LANGUAGE_STANDARD = "gnu++0x";
				CLANG_CXX_LIBRARY = "libc++";
				CLANG_ENABLE_MODULES = YES;
				CLANG_ENABLE_OBJC_ARC = YES;
				CLANG_WARN_BOOL_CONVERSION = YES;
				CLANG_WARN_CONSTANT_CONVERSION = YES;
				CLANG_WARN_DIRECT_OBJC_ISA_USAGE = YES_ERROR;
				CLANG_WARN_EMPTY_BODY = YES;
				CLANG_WARN_ENUM_CONVERSION = YES;
				CLANG_WARN_INT_CONVERSION = YES;
				CLANG_WARN_OBJC_ROOT_CLASS = YES_ERROR;
				CLANG_WARN_UNREACHABLE_CODE = YES;
				CLANG_WARN__DUPLICATE_METHOD_MATCH = YES;
				"CODE_SIGN_IDENTITY[sdk=iphoneos*]" = "iPhone Developer";
				COPY_PHASE_STRIP = NO;
				DEBUG_INFORMATION_FORMAT = "dwarf-with-dsym";
				ENABLE_STRICT_OBJC_MSGSEND = YES;
				GCC_C_LANGUAGE_STANDARD = gnu99;
				GCC_DYNAMIC_NO_PIC = NO;
				GCC_NO_COMMON_BLOCKS = YES;
				GCC_OPTIMIZATION_LEVEL = 0;
				GCC_PREPROCESSOR_DEFINITIONS = (
					"DEBUG=1",
					"$(inherited)",
				);
				GCC_SYMBOLS_PRIVATE_EXTERN = NO;
				GCC_WARN_64_TO_32_BIT_CONVERSION = YES;
				GCC_WARN_ABOUT_RETURN_TYPE = YES_ERROR;
				GCC_WARN_UNDECLARED_SELECTOR = YES;
				GCC_WARN_UNINITIALIZED_AUTOS = YES_AGGRESSIVE;
				GCC_WARN_UNUSED_FUNCTION = YES;
				GCC_WARN_UNUSED_VARIABLE = YES;
				IPHONEOS_DEPLOYMENT_TARGET = 8.3;
				MTL_ENABLE_DEBUG_INFO = YES;
				ONLY_ACTIVE_ARCH = YES;
				SDKROOT = iphoneos;
				SWIFT_OPTIMIZATION_LEVEL = "-Onone";
			};
			name = Debug;
		};
		FF55EA301B19B1DF0003CD65 /* Release */ = {
			isa = XCBuildConfiguration;
			buildSettings = {
				ALWAYS_SEARCH_USER_PATHS = NO;
				CLANG_CXX_LANGUAGE_STANDARD = "gnu++0x";
				CLANG_CXX_LIBRARY = "libc++";
				CLANG_ENABLE_MODULES = YES;
				CLANG_ENABLE_OBJC_ARC = YES;
				CLANG_WARN_BOOL_CONVERSION = YES;
				CLANG_WARN_CONSTANT_CONVERSION = YES;
				CLANG_WARN_DIRECT_OBJC_ISA_USAGE = YES_ERROR;
				CLANG_WARN_EMPTY_BODY = YES;
				CLANG_WARN_ENUM_CONVERSION = YES;
				CLANG_WARN_INT_CONVERSION = YES;
				CLANG_WARN_OBJC_ROOT_CLASS = YES_ERROR;
				CLANG_WARN_UNREACHABLE_CODE = YES;
				CLANG_WARN__DUPLICATE_METHOD_MATCH = YES;
				"CODE_SIGN_IDENTITY[sdk=iphoneos*]" = "iPhone Developer";
				COPY_PHASE_STRIP = NO;
				DEBUG_INFORMATION_FORMAT = "dwarf-with-dsym";
				ENABLE_NS_ASSERTIONS = NO;
				ENABLE_STRICT_OBJC_MSGSEND = YES;
				GCC_C_LANGUAGE_STANDARD = gnu99;
				GCC_NO_COMMON_BLOCKS = YES;
				GCC_WARN_64_TO_32_BIT_CONVERSION = YES;
				GCC_WARN_ABOUT_RETURN_TYPE = YES_ERROR;
				GCC_WARN_UNDECLARED_SELECTOR = YES;
				GCC_WARN_UNINITIALIZED_AUTOS = YES_AGGRESSIVE;
				GCC_WARN_UNUSED_FUNCTION = YES;
				GCC_WARN_UNUSED_VARIABLE = YES;
				IPHONEOS_DEPLOYMENT_TARGET = 8.3;
				MTL_ENABLE_DEBUG_INFO = NO;
				SDKROOT = iphoneos;
				VALIDATE_PRODUCT = YES;
			};
			name = Release;
		};
		FF55EA321B19B1DF0003CD65 /* Debug */ = {
			isa = XCBuildConfiguration;
			buildSettings = {
				ASSETCATALOG_COMPILER_APPICON_NAME = AppIcon;
				CLANG_ENABLE_MODULES = YES;
				INFOPLIST_FILE = UnitTesting/Info.plist;
				LD_RUNPATH_SEARCH_PATHS = "$(inherited) @executable_path/Frameworks";
				PRODUCT_NAME = "$(TARGET_NAME)";
				SWIFT_OBJC_BRIDGING_HEADER = "UnitTesting/UnitTesting-Bridging-Header.h";
				SWIFT_OPTIMIZATION_LEVEL = "-Onone";
			};
			name = Debug;
		};
		FF55EA331B19B1DF0003CD65 /* Release */ = {
			isa = XCBuildConfiguration;
			buildSettings = {
				ASSETCATALOG_COMPILER_APPICON_NAME = AppIcon;
				CLANG_ENABLE_MODULES = YES;
				INFOPLIST_FILE = UnitTesting/Info.plist;
				LD_RUNPATH_SEARCH_PATHS = "$(inherited) @executable_path/Frameworks";
				PRODUCT_NAME = "$(TARGET_NAME)";
				SWIFT_OBJC_BRIDGING_HEADER = "UnitTesting/UnitTesting-Bridging-Header.h";
			};
			name = Release;
		};
		FF55EA351B19B1DF0003CD65 /* Debug */ = {
			isa = XCBuildConfiguration;
			buildSettings = {
				BUNDLE_LOADER = "$(TEST_HOST)";
				FRAMEWORK_SEARCH_PATHS = (
					"$(SDKROOT)/Developer/Library/Frameworks",
					"$(inherited)",
				);
				GCC_PREPROCESSOR_DEFINITIONS = (
					"DEBUG=1",
					"$(inherited)",
				);
				INFOPLIST_FILE = UnitTestingTests/Info.plist;
				LD_RUNPATH_SEARCH_PATHS = "$(inherited) @executable_path/Frameworks @loader_path/Frameworks";
				PRODUCT_NAME = "$(TARGET_NAME)";
				SWIFT_OBJC_BRIDGING_HEADER = "UnitTestingTests/UnitTestingTests-Bridging-Header.h";
				TEST_HOST = "$(BUILT_PRODUCTS_DIR)/UnitTesting.app/UnitTesting";
			};
			name = Debug;
		};
		FF55EA361B19B1DF0003CD65 /* Release */ = {
			isa = XCBuildConfiguration;
			buildSettings = {
				BUNDLE_LOADER = "$(TEST_HOST)";
				FRAMEWORK_SEARCH_PATHS = (
					"$(SDKROOT)/Developer/Library/Frameworks",
					"$(inherited)",
				);
				INFOPLIST_FILE = UnitTestingTests/Info.plist;
				LD_RUNPATH_SEARCH_PATHS = "$(inherited) @executable_path/Frameworks @loader_path/Frameworks";
				PRODUCT_NAME = "$(TARGET_NAME)";
				SWIFT_OBJC_BRIDGING_HEADER = "UnitTestingTests-Bridging-Header.h";
				TEST_HOST = "$(BUILT_PRODUCTS_DIR)/UnitTesting.app/UnitTesting";
			};
			name = Release;
		};
/* End XCBuildConfiguration section */

/* Begin XCConfigurationList section */
		FF55EA0D1B19B1DF0003CD65 /* Build configuration list for PBXProject "UnitTesting" */ = {
			isa = XCConfigurationList;
			buildConfigurations = (
				FF55EA2F1B19B1DF0003CD65 /* Debug */,
				FF55EA301B19B1DF0003CD65 /* Release */,
			);
			defaultConfigurationIsVisible = 0;
			defaultConfigurationName = Release;
		};
		FF55EA311B19B1DF0003CD65 /* Build configuration list for PBXNativeTarget "UnitTesting" */ = {
			isa = XCConfigurationList;
			buildConfigurations = (
				FF55EA321B19B1DF0003CD65 /* Debug */,
				FF55EA331B19B1DF0003CD65 /* Release */,
			);
			defaultConfigurationIsVisible = 0;
			defaultConfigurationName = Release;
		};
		FF55EA341B19B1DF0003CD65 /* Build configuration list for PBXNativeTarget "UnitTestingTests" */ = {
			isa = XCConfigurationList;
			buildConfigurations = (
				FF55EA351B19B1DF0003CD65 /* Debug */,
				FF55EA361B19B1DF0003CD65 /* Release */,
			);
			defaultConfigurationIsVisible = 0;
			defaultConfigurationName = Release;
		};
/* End XCConfigurationList section */
	};
	rootObject = FF55EA0A1B19B1DF0003CD65 /* Project object */;
}
